Microsoft Visual Studio Solution File, Format Version 12.00
# Visual Studio Version 17
VisualStudioVersion = 17.5.2.0
MinimumVisualStudioVersion = 10.0.40219.1
Project("{FAE04EC0-301F-11D3-BF4B-00C04F79EFBC}") = "TaskManagerPro", "TaskManagerPro.csproj", "{270E9D19-EA9B-D33B-CA81-BCF048377B4A}"
EndProject
Global
	GlobalSection(SolutionConfigurationPlatforms) = preSolution
		Debug|Any CPU = Debug|Any CPU
		Release|Any CPU = Release|Any CPU
	EndGlobalSection
	GlobalSection(ProjectConfigurationPlatforms) = postSolution
		{270E9D19-EA9B-D33B-CA81-BCF048377B4A}.Debug|Any CPU.ActiveCfg = Debug|Any CPU
		{270E9D19-EA9B-D33B-CA81-BCF048377B4A}.Debug|Any CPU.Build.0 = Debug|Any CPU
		{270E9D19-EA9B-D33B-CA81-BCF048377B4A}.Release|Any CPU.ActiveCfg = Release|Any CPU
		{270E9D19-EA9B-D33B-CA81-BCF048377B4A}.Release|Any CPU.Build.0 = Release|Any CPU
	EndGlobalSection
	GlobalSection(SolutionProperties) = preSolution
		HideSolutionNode = FALSE
	EndGlobalSection
	GlobalSection(ExtensibilityGlobals) = postSolution
		SolutionGuid = {3BE8747B-5CC5-4644-A596-4482A52071CA}
	EndGlobalSection
EndGlobal
